
Microsoft Visual Studio Solution File, Format Version 12.00
# Visual Studio 2013
VisualStudioVersion = 12.0.30324.0
MinimumVisualStudioVersion = 10.0.40219.1
Project("{FAE04EC0-301F-11D3-BF4B-00C04F79EFBC}") = "CoffeeSharp", "CoffeeSharp\CoffeeSharp.csproj", "{B269FEBD-F9CE-4C90-B26C-C2C42F3BE375}"
EndProject
Project("{F2A71F9B-5D33-465A-A702-920D77279786}") = "Coffee", "Coffee\Coffee.fsproj", "{D294906B-DE5D-43CB-B88F-8799F2096730}"
EndProject
Project("{FAE04EC0-301F-11D3-BF4B-00C04F79EFBC}") = "CoffeeScriptHttpHandler", "CoffeeScriptHttpHandler\CoffeeScriptHttpHandler.csproj", "{0D219FEA-7A7D-4CAD-B284-A5AB350E0552}"
EndProject
Global
	GlobalSection(SolutionConfigurationPlatforms) = preSolution
		Debug|Any CPU = Debug|Any CPU
		Debug|Mixed Platforms = Debug|Mixed Platforms
		Debug|x86 = Debug|x86
		Release|Any CPU = Release|Any CPU
		Release|Mixed Platforms = Release|Mixed Platforms
		Release|x86 = Release|x86
	EndGlobalSection
	GlobalSection(ProjectConfigurationPlatforms) = postSolution
		{B269FEBD-F9CE-4C90-B26C-C2C42F3BE375}.Debug|Any CPU.ActiveCfg = Debug|Any CPU
		{B269FEBD-F9CE-4C90-B26C-C2C42F3BE375}.Debug|Any CPU.Build.0 = Debug|Any CPU
		{B269FEBD-F9CE-4C90-B26C-C2C42F3BE375}.Debug|Mixed Platforms.ActiveCfg = Debug|Any CPU
		{B269FEBD-F9CE-4C90-B26C-C2C42F3BE375}.Debug|Mixed Platforms.Build.0 = Debug|Any CPU
		{B269FEBD-F9CE-4C90-B26C-C2C42F3BE375}.Debug|x86.ActiveCfg = Debug|Any CPU
		{B269FEBD-F9CE-4C90-B26C-C2C42F3BE375}.Release|Any CPU.ActiveCfg = Release|Any CPU
		{B269FEBD-F9CE-4C90-B26C-C2C42F3BE375}.Release|Any CPU.Build.0 = Release|Any CPU
		{B269FEBD-F9CE-4C90-B26C-C2C42F3BE375}.Release|Mixed Platforms.ActiveCfg = Release|Any CPU
		{B269FEBD-F9CE-4C90-B26C-C2C42F3BE375}.Release|Mixed Platforms.Build.0 = Release|Any CPU
		{B269FEBD-F9CE-4C90-B26C-C2C42F3BE375}.Release|x86.ActiveCfg = Release|Any CPU
		{D294906B-DE5D-43CB-B88F-8799F2096730}.Debug|Any CPU.ActiveCfg = Debug|x86
		{D294906B-DE5D-43CB-B88F-8799F2096730}.Debug|Mixed Platforms.ActiveCfg = Debug|x86
		{D294906B-DE5D-43CB-B88F-8799F2096730}.Debug|Mixed Platforms.Build.0 = Debug|x86
		{D294906B-DE5D-43CB-B88F-8799F2096730}.Debug|x86.ActiveCfg = Debug|x86
		{D294906B-DE5D-43CB-B88F-8799F2096730}.Debug|x86.Build.0 = Debug|x86
		{D294906B-DE5D-43CB-B88F-8799F2096730}.Release|Any CPU.ActiveCfg = Release|x86
		{D294906B-DE5D-43CB-B88F-8799F2096730}.Release|Mixed Platforms.ActiveCfg = Release|x86
		{D294906B-DE5D-43CB-B88F-8799F2096730}.Release|Mixed Platforms.Build.0 = Release|x86
		{D294906B-DE5D-43CB-B88F-8799F2096730}.Release|x86.ActiveCfg = Release|x86
		{D294906B-DE5D-43CB-B88F-8799F2096730}.Release|x86.Build.0 = Release|x86
		{0D219FEA-7A7D-4CAD-B284-A5AB350E0552}.Debug|Any CPU.ActiveCfg = Debug|Any CPU
		{0D219FEA-7A7D-4CAD-B284-A5AB350E0552}.Debug|Any CPU.Build.0 = Debug|Any CPU
		{0D219FEA-7A7D-4CAD-B284-A5AB350E0552}.Debug|Mixed Platforms.ActiveCfg = Debug|Any CPU
		{0D219FEA-7A7D-4CAD-B284-A5AB350E0552}.Debug|Mixed Platforms.Build.0 = Debug|Any CPU
		{0D219FEA-7A7D-4CAD-B284-A5AB350E0552}.Debug|x86.ActiveCfg = Debug|Any CPU
		{0D219FEA-7A7D-4CAD-B284-A5AB350E0552}.Release|Any CPU.ActiveCfg = Release|Any CPU
		{0D219FEA-7A7D-4CAD-B284-A5AB350E0552}.Release|Any CPU.Build.0 = Release|Any CPU
		{0D219FEA-7A7D-4CAD-B284-A5AB350E0552}.Release|Mixed Platforms.ActiveCfg = Release|Any CPU
		{0D219FEA-7A7D-4CAD-B284-A5AB350E0552}.Release|Mixed Platforms.Build.0 = Release|Any CPU
		{0D219FEA-7A7D-4CAD-B284-A5AB350E0552}.Release|x86.ActiveCfg = Release|Any CPU
	EndGlobalSection
	GlobalSection(SolutionProperties) = preSolution
		HideSolutionNode = FALSE
	EndGlobalSection
EndGlobal
